
Microsoft Visual Studio Solution File, Format Version 12.00
# Visual Studio Version 17
VisualStudioVersion = 17.7.34031.279
MinimumVisualStudioVersion = 10.0.40219.1
Project("{FAE04EC0-301F-11D3-BF4B-00C04F79EFBC}") = "ProyectoEntregable", "ProyectoEntregable\ProyectoEntregable.csproj", "{A7D94831-1432-4937-9707-90F7F6265E77}"
EndProject
Project("{FAE04EC0-301F-11D3-BF4B-00C04F79EFBC}") = "SistemaGestionEntities", "SistemaGestionEntities\SistemaGestionEntities.csproj", "{D450CF77-DE14-47ED-B1D0-02F1266047D4}"
EndProject
Project("{FAE04EC0-301F-11D3-BF4B-00C04F79EFBC}") = "SistemaGestionData", "SistemaGestionData\SistemaGestionData.csproj", "{52A51B1B-50B3-49F9-B659-5FEC4AF59EF1}"
EndProject
Global
	GlobalSection(SolutionConfigurationPlatforms) = preSolution
		Debug|Any CPU = Debug|Any CPU
		Release|Any CPU = Release|Any CPU
	EndGlobalSection
	GlobalSection(ProjectConfigurationPlatforms) = postSolution
		{A7D94831-1432-4937-9707-90F7F6265E77}.Debug|Any CPU.ActiveCfg = Debug|Any CPU
		{A7D94831-1432-4937-9707-90F7F6265E77}.Debug|Any CPU.Build.0 = Debug|Any CPU
		{A7D94831-1432-4937-9707-90F7F6265E77}.Release|Any CPU.ActiveCfg = Release|Any CPU
		{A7D94831-1432-4937-9707-90F7F6265E77}.Release|Any CPU.Build.0 = Release|Any CPU
		{D450CF77-DE14-47ED-B1D0-02F1266047D4}.Debug|Any CPU.ActiveCfg = Debug|Any CPU
		{D450CF77-DE14-47ED-B1D0-02F1266047D4}.Debug|Any CPU.Build.0 = Debug|Any CPU
		{D450CF77-DE14-47ED-B1D0-02F1266047D4}.Release|Any CPU.ActiveCfg = Release|Any CPU
		{D450CF77-DE14-47ED-B1D0-02F1266047D4}.Release|Any CPU.Build.0 = Release|Any CPU
		{52A51B1B-50B3-49F9-B659-5FEC4AF59EF1}.Debug|Any CPU.ActiveCfg = Debug|Any CPU
		{52A51B1B-50B3-49F9-B659-5FEC4AF59EF1}.Debug|Any CPU.Build.0 = Debug|Any CPU
		{52A51B1B-50B3-49F9-B659-5FEC4AF59EF1}.Release|Any CPU.ActiveCfg = Release|Any CPU
		{52A51B1B-50B3-49F9-B659-5FEC4AF59EF1}.Release|Any CPU.Build.0 = Release|Any CPU
	EndGlobalSection
	GlobalSection(SolutionProperties) = preSolution
		HideSolutionNode = FALSE
	EndGlobalSection
	GlobalSection(ExtensibilityGlobals) = postSolution
		SolutionGuid = {17312B29-9F6A-4B0D-9F79-DDF6F7CCDAC6}
	EndGlobalSection
EndGlobal
